
Microsoft Visual Studio Solution File, Format Version 12.00
# Visual Studio Version 16
VisualStudioVersion = 16.0.30907.101
MinimumVisualStudioVersion = 10.0.40219.1
Project("{FAE04EC0-301F-11D3-BF4B-00C04F79EFBC}") = "SetAttributesInZip", "SetAttributesInZip.csproj", "{FB62349D-08B6-4555-8E02-0CC64A4C24DA}"
EndProject
Global
	GlobalSection(SolutionConfigurationPlatforms) = preSolution
		Debug|Any CPU = Debug|Any CPU
		Release|Any CPU = Release|Any CPU
	EndGlobalSection
	GlobalSection(ProjectConfigurationPlatforms) = postSolution
		{FB62349D-08B6-4555-8E02-0CC64A4C24DA}.Debug|Any CPU.ActiveCfg = Debug|Any CPU
		{FB62349D-08B6-4555-8E02-0CC64A4C24DA}.Debug|Any CPU.Build.0 = Debug|Any CPU
		{FB62349D-08B6-4555-8E02-0CC64A4C24DA}.Release|Any CPU.ActiveCfg = Release|Any CPU
		{FB62349D-08B6-4555-8E02-0CC64A4C24DA}.Release|Any CPU.Build.0 = Release|Any CPU
	EndGlobalSection
	GlobalSection(SolutionProperties) = preSolution
		HideSolutionNode = FALSE
	EndGlobalSection
	GlobalSection(ExtensibilityGlobals) = postSolution
		SolutionGuid = {5BA959D9-7E55-455B-A45B-A5537CD9562A}
	EndGlobalSection
EndGlobal
